// !$*UTF8*$!
{
	archiveVersion = 1;
	classes = {
	};
	objectVersion = 46;
	objects = {

/* Begin PBXBuildFile section */
		5F272CBE1D22823C0017155D /* main.m in Sources */ = {isa = PBXBuildFile; fileRef = 5F272CBD1D22823C0017155D /* main.m */; };
		5F272CC91D22823C0017155D /* Assets.xcassets in Resources */ = {isa = PBXBuildFile; fileRef = 5F272CC81D22823C0017155D /* Assets.xcassets */; };
		5F272CCC1D22823C0017155D /* LaunchScreen.storyboard in Resources */ = {isa = PBXBuildFile; fileRef = 5F272CCA1D22823C0017155D /* LaunchScreen.storyboard */; };
		5F272CE21D2284020017155D /* App_rightArrow@2x.png in Resources */ = {isa = PBXBuildFile; fileRef = 5F272CD41D2284020017155D /* App_rightArrow@2x.png */; };
		5F272CE31D2284020017155D /* App_rightArrow@3x.png in Resources */ = {isa = PBXBuildFile; fileRef = 5F272CD51D2284020017155D /* App_rightArrow@3x.png */; };
		5F272CE41D2284020017155D /* ICCommonGroup.m in Sources */ = {isa = PBXBuildFile; fileRef = 5F272CD71D2284020017155D /* ICCommonGroup.m */; };
		5F272CE51D2284020017155D /* ICCommonItem.m in Sources */ = {isa = PBXBuildFile; fileRef = 5F272CD91D2284020017155D /* ICCommonItem.m */; };
		5F272CE61D2284020017155D /* ICCommonItemCell.m in Sources */ = {isa = PBXBuildFile; fileRef = 5F272CDB1D2284020017155D /* ICCommonItemCell.m */; };
		5F272CE71D2284020017155D /* ICSettingArrowItem.m in Sources */ = {isa = PBXBuildFile; fileRef = 5F272CDD1D2284020017155D /* ICSettingArrowItem.m */; };
		5F272CE81D2284020017155D /* ICSettingNoneItem.m in Sources */ = {isa = PBXBuildFile; fileRef = 5F272CDF1D2284020017155D /* ICSettingNoneItem.m */; };
		5F272CE91D2284020017155D /* ICSettingSwitchItem.m in Sources */ = {isa = PBXBuildFile; fileRef = 5F272CE11D2284020017155D /* ICSettingSwitchItem.m */; };
		5F272CEE1D2284170017155D /* ICTableViewController.m in Sources */ = {isa = PBXBuildFile; fileRef = 5F272CEB1D2284170017155D /* ICTableViewController.m */; };
		5F272CEF1D2284170017155D /* ICTestViewController.m in Sources */ = {isa = PBXBuildFile; fileRef = 5F272CED1D2284170017155D /* ICTestViewController.m */; };
		5F272CF51D2284B40017155D /* AppDelegate.m in Sources */ = {isa = PBXBuildFile; fileRef = 5F272CF41D2284B40017155D /* AppDelegate.m */; };
/* End PBXBuildFile section */

/* Begin PBXFileReference section */
		5F272CB91D22823C0017155D /* ICStaticPageExample.app */ = {isa = PBXFileReference; explicitFileType = wrapper.application; includeInIndex = 0; path = ICStaticPageExample.app; sourceTree = BUILT_PRODUCTS_DIR; };
		5F272CBD1D22823C0017155D /* main.m */ = {isa = PBXFileReference; lastKnownFileType = sourcecode.c.objc; path = main.m; sourceTree = "<group>"; };
		5F272CC81D22823C0017155D /* Assets.xcassets */ = {isa = PBXFileReference; lastKnownFileType = folder.assetcatalog; path = Assets.xcassets; sourceTree = "<group>"; };
		5F272CCB1D22823C0017155D /* Base */ = {isa = PBXFileReference; lastKnownFileType = file.storyboard; name = Base; path = Base.lproj/LaunchScreen.storyboard; sourceTree = "<group>"; };
		5F272CCD1D22823C0017155D /* Info.plist */ = {isa = PBXFileReference; lastKnownFileType = text.plist.xml; path = Info.plist; sourceTree = "<group>"; };
		5F272CD41D2284020017155D /* App_rightArrow@2x.png */ = {isa = PBXFileReference; lastKnownFileType = image.png; path = "App_rightArrow@2x.png"; sourceTree = "<group>"; };
		5F272CD51D2284020017155D /* App_rightArrow@3x.png */ = {isa = PBXFileReference; lastKnownFileType = image.png; path = "App_rightArrow@3x.png"; sourceTree = "<group>"; };
		5F272CD61D2284020017155D /* ICCommonGroup.h */ = {isa = PBXFileReference; fileEncoding = 4; lastKnownFileType = sourcecode.c.h; path = ICCommonGroup.h; sourceTree = "<group>"; };
		5F272CD71D2284020017155D /* ICCommonGroup.m */ = {isa = PBXFileReference; fileEncoding = 4; lastKnownFileType = sourcecode.c.objc; path = ICCommonGroup.m; sourceTree = "<group>"; };
		5F272CD81D2284020017155D /* ICCommonItem.h */ = {isa = PBXFileReference; fileEncoding = 4; lastKnownFileType = sourcecode.c.h; path = ICCommonItem.h; sourceTree = "<group>"; };
		5F272CD91D2284020017155D /* ICCommonItem.m */ = {isa = PBXFileReference; fileEncoding = 4; lastKnownFileType = sourcecode.c.objc; path = ICCommonItem.m; sourceTree = "<group>"; };
		5F272CDA1D2284020017155D /* ICCommonItemCell.h */ = {isa = PBXFileReference; fileEncoding = 4; lastKnownFileType = sourcecode.c.h; path = ICCommonItemCell.h; sourceTree = "<group>"; };
		5F272CDB1D2284020017155D /* ICCommonItemCell.m */ = {isa = PBXFileReference; fileEncoding = 4; lastKnownFileType = sourcecode.c.objc; path = ICCommonItemCell.m; sourceTree = "<group>"; };
		5F272CDC1D2284020017155D /* ICSettingArrowItem.h */ = {isa = PBXFileReference; fileEncoding = 4; lastKnownFileType = sourcecode.c.h; path = ICSettingArrowItem.h; sourceTree = "<group>"; };
		5F272CDD1D2284020017155D /* ICSettingArrowItem.m */ = {isa = PBXFileReference; fileEncoding = 4; lastKnownFileType = sourcecode.c.objc; path = ICSettingArrowItem.m; sourceTree = "<group>"; };
		5F272CDE1D2284020017155D /* ICSettingNoneItem.h */ = {isa = PBXFileReference; fileEncoding = 4; lastKnownFileType = sourcecode.c.h; path = ICSettingNoneItem.h; sourceTree = "<group>"; };
		5F272CDF1D2284020017155D /* ICSettingNoneItem.m */ = {isa = PBXFileReference; fileEncoding = 4; lastKnownFileType = sourcecode.c.objc; path = ICSettingNoneItem.m; sourceTree = "<group>"; };
		5F272CE01D2284020017155D /* ICSettingSwitchItem.h */ = {isa = PBXFileReference; fileEncoding = 4; lastKnownFileType = sourcecode.c.h; path = ICSettingSwitchItem.h; sourceTree = "<group>"; };
		5F272CE11D2284020017155D /* ICSettingSwitchItem.m */ = {isa = PBXFileReference; fileEncoding = 4; lastKnownFileType = sourcecode.c.objc; path = ICSettingSwitchItem.m; sourceTree = "<group>"; };
		5F272CEA1D2284170017155D /* ICTableViewController.h */ = {isa = PBXFileReference; fileEncoding = 4; lastKnownFileType = sourcecode.c.h; path = ICTableViewController.h; sourceTree = "<group>"; };
		5F272CEB1D2284170017155D /* ICTableViewController.m */ = {isa = PBXFileReference; fileEncoding = 4; lastKnownFileType = sourcecode.c.objc; path = ICTableViewController.m; sourceTree = "<group>"; };
		5F272CEC1D2284170017155D /* ICTestViewController.h */ = {isa = PBXFileReference; fileEncoding = 4; lastKnownFileType = sourcecode.c.h; path = ICTestViewController.h; sourceTree = "<group>"; };
		5F272CED1D2284170017155D /* ICTestViewController.m */ = {isa = PBXFileReference; fileEncoding = 4; lastKnownFileType = sourcecode.c.objc; path = ICTestViewController.m; sourceTree = "<group>"; };
		5F272CF31D2284B40017155D /* AppDelegate.h */ = {isa = PBXFileReference; fileEncoding = 4; lastKnownFileType = sourcecode.c.h; path = AppDelegate.h; sourceTree = "<group>"; };
		5F272CF41D2284B40017155D /* AppDelegate.m */ = {isa = PBXFileReference; fileEncoding = 4; lastKnownFileType = sourcecode.c.objc; path = AppDelegate.m; sourceTree = "<group>"; };
/* End PBXFileReference section */

/* Begin PBXFrameworksBuildPhase section */
		5F272CB61D22823C0017155D /* Frameworks */ = {
			isa = PBXFrameworksBuildPhase;
			buildActionMask = 2147483647;
			files = (
			);
			runOnlyForDeploymentPostprocessing = 0;
		};
/* End PBXFrameworksBuildPhase section */

/* Begin PBXGroup section */
		5F272CB01D22823C0017155D = {
			isa = PBXGroup;
			children = (
				5F272CBB1D22823C0017155D /* ICStaticPageExample */,
				5F272CBA1D22823C0017155D /* Products */,
			);
			sourceTree = "<group>";
		};
		5F272CBA1D22823C0017155D /* Products */ = {
			isa = PBXGroup;
			children = (
				5F272CB91D22823C0017155D /* ICStaticPageExample.app */,
			);
			name = Products;
			sourceTree = "<group>";
		};
		5F272CBB1D22823C0017155D /* ICStaticPageExample */ = {
			isa = PBXGroup;
			children = (
				5F272CD31D2284020017155D /* StaticPage */,
				5F272CEA1D2284170017155D /* ICTableViewController.h */,
				5F272CEB1D2284170017155D /* ICTableViewController.m */,
				5F272CEC1D2284170017155D /* ICTestViewController.h */,
				5F272CED1D2284170017155D /* ICTestViewController.m */,
				5F272CF31D2284B40017155D /* AppDelegate.h */,
				5F272CF41D2284B40017155D /* AppDelegate.m */,
				5F272CC81D22823C0017155D /* Assets.xcassets */,
				5F272CCA1D22823C0017155D /* LaunchScreen.storyboard */,
				5F272CCD1D22823C0017155D /* Info.plist */,
				5F272CBC1D22823C0017155D /* Supporting Files */,
			);
			path = ICStaticPageExample;
			sourceTree = "<group>";
		};
		5F272CBC1D22823C0017155D /* Supporting Files */ = {
			isa = PBXGroup;
			children = (
				5F272CBD1D22823C0017155D /* main.m */,
			);
			name = "Supporting Files";
			sourceTree = "<group>";
		};
		5F272CD31D2284020017155D /* StaticPage */ = {
			isa = PBXGroup;
			children = (
				5F272CD41D2284020017155D /* App_rightArrow@2x.png */,
				5F272CD51D2284020017155D /* App_rightArrow@3x.png */,
				5F272CD61D2284020017155D /* ICCommonGroup.h */,
				5F272CD71D2284020017155D /* ICCommonGroup.m */,
				5F272CD81D2284020017155D /* ICCommonItem.h */,
				5F272CD91D2284020017155D /* ICCommonItem.m */,
				5F272CDA1D2284020017155D /* ICCommonItemCell.h */,
				5F272CDB1D2284020017155D /* ICCommonItemCell.m */,
				5F272CDC1D2284020017155D /* ICSettingArrowItem.h */,
				5F272CDD1D2284020017155D /* ICSettingArrowItem.m */,
				5F272CDE1D2284020017155D /* ICSettingNoneItem.h */,
				5F272CDF1D2284020017155D /* ICSettingNoneItem.m */,
				5F272CE01D2284020017155D /* ICSettingSwitchItem.h */,
				5F272CE11D2284020017155D /* ICSettingSwitchItem.m */,
			);
			path = StaticPage;
			sourceTree = "<group>";
		};
/* End PBXGroup section */

/* Begin PBXNativeTarget section */
		5F272CB81D22823C0017155D /* ICStaticPageExample */ = {
			isa = PBXNativeTarget;
			buildConfigurationList = 5F272CD01D22823C0017155D /* Build configuration list for PBXNativeTarget "ICStaticPageExample" */;
			buildPhases = (
				5F272CB51D22823C0017155D /* Sources */,
				5F272CB61D22823C0017155D /* Frameworks */,
				5F272CB71D22823C0017155D /* Resources */,
			);
			buildRules = (
			);
			dependencies = (
			);
			name = ICStaticPageExample;
			productName = ICStaticPageExample;
			productReference = 5F272CB91D22823C0017155D /* ICStaticPageExample.app */;
			productType = "com.apple.product-type.application";
		};
/* End PBXNativeTarget section */

/* Begin PBXProject section */
		5F272CB11D22823C0017155D /* Project object */ = {
			isa = PBXProject;
			attributes = {
				LastUpgradeCheck = 0720;
				ORGANIZATIONNAME = XianZhuangGuo;
				TargetAttributes = {
					5F272CB81D22823C0017155D = {
						CreatedOnToolsVersion = 7.2;
					};
				};
			};
			buildConfigurationList = 5F272CB41D22823C0017155D /* Build configuration list for PBXProject "ICStaticPageExample" */;
			compatibilityVersion = "Xcode 3.2";
			developmentRegion = English;
			hasScannedForEncodings = 0;
			knownRegions = (
				en,
				Base,
			);
			mainGroup = 5F272CB01D22823C0017155D;
			productRefGroup = 5F272CBA1D22823C0017155D /* Products */;
			projectDirPath = "";
			projectRoot = "";
			targets = (
				5F272CB81D22823C0017155D /* ICStaticPageExample */,
			);
		};
/* End PBXProject section */

/* Begin PBXResourcesBuildPhase section */
		5F272CB71D22823C0017155D /* Resources */ = {
			isa = PBXResourcesBuildPhase;
			buildActionMask = 2147483647;
			files = (
				5F272CE31D2284020017155D /* App_rightArrow@3x.png in Resources */,
				5F272CE21D2284020017155D /* App_rightArrow@2x.png in Resources */,
				5F272CCC1D22823C0017155D /* LaunchScreen.storyboard in Resources */,
				5F272CC91D22823C0017155D /* Assets.xcassets in Resources */,
			);
			runOnlyForDeploymentPostprocessing = 0;
		};
/* End PBXResourcesBuildPhase section */

/* Begin PBXSourcesBuildPhase section */
		5F272CB51D22823C0017155D /* Sources */ = {
			isa = PBXSourcesBuildPhase;
			buildActionMask = 2147483647;
			files = (
				5F272CE61D2284020017155D /* ICCommonItemCell.m in Sources */,
				5F272CE81D2284020017155D /* ICSettingNoneItem.m in Sources */,
				5F272CE91D2284020017155D /* ICSettingSwitchItem.m in Sources */,
				5F272CE51D2284020017155D /* ICCommonItem.m in Sources */,
				5F272CF51D2284B40017155D /* AppDelegate.m in Sources */,
				5F272CE41D2284020017155D /* ICCommonGroup.m in Sources */,
				5F272CEE1D2284170017155D /* ICTableViewController.m in Sources */,
				5F272CBE1D22823C0017155D /* main.m in Sources */,
				5F272CEF1D2284170017155D /* ICTestViewController.m in Sources */,
				5F272CE71D2284020017155D /* ICSettingArrowItem.m in Sources */,
			);
			runOnlyForDeploymentPostprocessing = 0;
		};
/* End PBXSourcesBuildPhase section */

/* Begin PBXVariantGroup section */
		5F272CCA1D22823C0017155D /* LaunchScreen.storyboard */ = {
			isa = PBXVariantGroup;
			children = (
				5F272CCB1D22823C0017155D /* Base */,
			);
			name = LaunchScreen.storyboard;
			sourceTree = "<group>";
		};
/* End PBXVariantGroup section */

/* Begin XCBuildConfiguration section */
		5F272CCE1D22823C0017155D /* Debug */ = {
			isa = XCBuildConfiguration;
			buildSettings = {
				ALWAYS_SEARCH_USER_PATHS = NO;
				CLANG_CXX_LANGUAGE_STANDARD = "gnu++0x";
				CLANG_CXX_LIBRARY = "libc++";
				CLANG_ENABLE_MODULES = YES;
				CLANG_ENABLE_OBJC_ARC = YES;
				CLANG_WARN_BOOL_CONVERSION = YES;
				CLANG_WARN_CONSTANT_CONVERSION = YES;
				CLANG_WARN_DIRECT_OBJC_ISA_USAGE = YES_ERROR;
				CLANG_WARN_EMPTY_BODY = YES;
				CLANG_WARN_ENUM_CONVERSION = YES;
				CLANG_WARN_INT_CONVERSION = YES;
				CLANG_WARN_OBJC_ROOT_CLASS = YES_ERROR;
				CLANG_WARN_UNREACHABLE_CODE = YES;
				CLANG_WARN__DUPLICATE_METHOD_MATCH = YES;
				"CODE_SIGN_IDENTITY[sdk=iphoneos*]" = "iPhone Developer";
				COPY_PHASE_STRIP = NO;
				DEBUG_INFORMATION_FORMAT = dwarf;
				ENABLE_STRICT_OBJC_MSGSEND = YES;
				ENABLE_TESTABILITY = YES;
				GCC_C_LANGUAGE_STANDARD = gnu99;
				GCC_DYNAMIC_NO_PIC = NO;
				GCC_NO_COMMON_BLOCKS = YES;
				GCC_OPTIMIZATION_LEVEL = 0;
				GCC_PREPROCESSOR_DEFINITIONS = (
					"DEBUG=1",
					"$(inherited)",
				);
				GCC_WARN_64_TO_32_BIT_CONVERSION = YES;
				GCC_WARN_ABOUT_RETURN_TYPE = YES_ERROR;
				GCC_WARN_UNDECLARED_SELECTOR = YES;
				GCC_WARN_UNINITIALIZED_AUTOS = YES_AGGRESSIVE;
				GCC_WARN_UNUSED_FUNCTION = YES;
				GCC_WARN_UNUSED_VARIABLE = YES;
				IPHONEOS_DEPLOYMENT_TARGET = 9.2;
				MTL_ENABLE_DEBUG_INFO = YES;
				ONLY_ACTIVE_ARCH = YES;
				SDKROOT = iphoneos;
			};
			name = Debug;
		};
		5F272CCF1D22823C0017155D /* Release */ = {
			isa = XCBuildConfiguration;
			buildSettings = {
				ALWAYS_SEARCH_USER_PATHS = NO;
				CLANG_CXX_LANGUAGE_STANDARD = "gnu++0x";
				CLANG_CXX_LIBRARY = "libc++";
				CLANG_ENABLE_MODULES = YES;
				CLANG_ENABLE_OBJC_ARC = YES;
				CLANG_WARN_BOOL_CONVERSION = YES;
				CLANG_WARN_CONSTANT_CONVERSION = YES;
				CLANG_WARN_DIRECT_OBJC_ISA_USAGE = YES_ERROR;
				CLANG_WARN_EMPTY_BODY = YES;
				CLANG_WARN_ENUM_CONVERSION = YES;
				CLANG_WARN_INT_CONVERSION = YES;
				CLANG_WARN_OBJC_ROOT_CLASS = YES_ERROR;
				CLANG_WARN_UNREACHABLE_CODE = YES;
				CLANG_WARN__DUPLICATE_METHOD_MATCH = YES;
				"CODE_SIGN_IDENTITY[sdk=iphoneos*]" = "iPhone Developer";
				COPY_PHASE_STRIP = NO;
				DEBUG_INFORMATION_FORMAT = "dwarf-with-dsym";
				ENABLE_NS_ASSERTIONS = NO;
				ENABLE_STRICT_OBJC_MSGSEND = YES;
				GCC_C_LANGUAGE_STANDARD = gnu99;
				GCC_NO_COMMON_BLOCKS = YES;
				GCC_WARN_64_TO_32_BIT_CONVERSION = YES;
				GCC_WARN_ABOUT_RETURN_TYPE = YES_ERROR;
				GCC_WARN_UNDECLARED_SELECTOR = YES;
				GCC_WARN_UNINITIALIZED_AUTOS = YES_AGGRESSIVE;
				GCC_WARN_UNUSED_FUNCTION = YES;
				GCC_WARN_UNUSED_VARIABLE = YES;
				IPHONEOS_DEPLOYMENT_TARGET = 9.2;
				MTL_ENABLE_DEBUG_INFO = NO;
				SDKROOT = iphoneos;
				VALIDATE_PRODUCT = YES;
			};
			name = Release;
		};
		5F272CD11D22823C0017155D /* Debug */ = {
			isa = XCBuildConfiguration;
			buildSettings = {
				ASSETCATALOG_COMPILER_APPICON_NAME = AppIcon;
				INFOPLIST_FILE = ICStaticPageExample/Info.plist;
				IPHONEOS_DEPLOYMENT_TARGET = 8.0;
				LD_RUNPATH_SEARCH_PATHS = "$(inherited) @executable_path/Frameworks";
				PRODUCT_BUNDLE_IDENTIFIER = GZ.ICStaticPageExample;
				PRODUCT_NAME = "$(TARGET_NAME)";
			};
			name = Debug;
		};
		5F272CD21D22823C0017155D /* Release */ = {
			isa = XCBuildConfiguration;
			buildSettings = {
				ASSETCATALOG_COMPILER_APPICON_NAME = AppIcon;
				INFOPLIST_FILE = ICStaticPageExample/Info.plist;
				IPHONEOS_DEPLOYMENT_TARGET = 8.0;
				LD_RUNPATH_SEARCH_PATHS = "$(inherited) @executable_path/Frameworks";
				PRODUCT_BUNDLE_IDENTIFIER = GZ.ICStaticPageExample;
				PRODUCT_NAME = "$(TARGET_NAME)";
			};
			name = Release;
		};
/* End XCBuildConfiguration section */

/* Begin XCConfigurationList section */
		5F272CB41D22823C0017155D /* Build configuration list for PBXProject "ICStaticPageExample" */ = {
			isa = XCConfigurationList;
			buildConfigurations = (
				5F272CCE1D22823C0017155D /* Debug */,
				5F272CCF1D22823C0017155D /* Release */,
			);
			defaultConfigurationIsVisible = 0;
			defaultConfigurationName = Release;
		};
		5F272CD01D22823C0017155D /* Build configuration list for PBXNativeTarget "ICStaticPageExample" */ = {
			isa = XCConfigurationList;
			buildConfigurations = (
				5F272CD11D22823C0017155D /* Debug */,
				5F272CD21D22823C0017155D /* Release */,
			);
			defaultConfigurationIsVisible = 0;
			defaultConfigurationName = Release;
		};
/* End XCConfigurationList section */
	};
	rootObject = 5F272CB11D22823C0017155D /* Project object */;
}
